# This file is autogenerated, do not edit; changes may be undone by the next 'dep ensure'.


[[projects]]
  branch = "master"
  digest = "1:2f4bc4336abe0ac18637b62214659ee0e011741734606a6c23b4e03b76fa57b1"
  name = "github.com/bitrise-io/go-utils"
  packages = [
    "colorstring",
    "command",
    "errorutil",
    "fileutil",
    "log",
    "pathutil",
    "pkcs12",
    "pkcs12/internal/rc2",
    "ziputil",
  ]
  pruneopts = ""
  revision = "6cc2aa4d248adef509996ac484bffd38856ddf80"

[[projects]]
  branch = "master"
  digest = "1:b28ada98f8fb0e3a8cc11f1ff256d55c7121ff52740860d497c388bf5b56ba2e"
  name = "github.com/bitrise-io/go-xcode"
  packages = [
    "certificateutil",
    "exportoptions",
    "models",
    "plistutil",
    "profileutil",
    "utility",
  ]
  pruneopts = ""
  revision = "7d05f87f6e9c9004759304ae8c3f3c90ea9c3bd4"

[[projects]]
  branch = "master"
  digest = "1:b28ada98f8fb0e3a8cc11f1ff256d55c7121ff52740860d497c388bf5b56ba2e"
  name = "github.com/bitrise-tools/go-xcode"
  packages = [
    "certificateutil",
    "export",
    "exportoptions",
    "profileutil",
    "utility",
    "xcarchive",
    "xcodebuild",
  ]
  pruneopts = ""
  revision = "7d05f87f6e9c9004759304ae8c3f3c90ea9c3bd4"

[[projects]]
  branch = "master"
  digest = "1:cef2ceaeca7caa4fc788727d44a8000c8a8ee827653fc7b52854d969bba131ac"
  name = "github.com/fullsailor/pkcs7"
  packages = ["."]
  pruneopts = ""
  revision = "d7302db945fa6ea264fb79d8e13e931ea514a602"

[[projects]]
  digest = "1:1d7e1867c49a6dd9856598ef7c3123604ea3daabf5b83f303ff457bcbc410b1d"
  name = "github.com/pkg/errors"
  packages = ["."]
  pruneopts = ""
  revision = "ba968bfe8b2f7e042a574c888954fccecfa385b4"
  version = "v0.8.1"

[[projects]]
  digest = "1:4244255905cb95c3c98894d671367f84a6292608ae528936fe46ba9c86f68393"
  name = "github.com/ryanuber/go-glob"
  packages = ["."]
  pruneopts = ""
  revision = "51a8f68e6c24dc43f1e371749c89a267de4ebc53"
  version = "v1.0.0"

[[projects]]
  branch = "master"
  digest = "1:7f9abcd7c5d3eecb044d9a89d202bacbec41ac12ec703a905b04f8d1268dee82"
  name = "howett.net/plist"
  packages = ["."]
  pruneopts = ""
  revision = "1454fab16a0642638feb0ae98c41f79eccb2a20a"

[solve-meta]
  analyzer-name = "dep"
  analyzer-version = 1
  input-imports = [
    "github.com/bitrise-io/go-utils/command",
    "github.com/bitrise-io/go-utils/fileutil",
    "github.com/bitrise-io/go-utils/log",
    "github.com/bitrise-io/go-utils/pathutil",
    "github.com/bitrise-tools/go-xcode/certificateutil",
    "github.com/bitrise-tools/go-xcode/export",
    "github.com/bitrise-tools/go-xcode/exportoptions",
    "github.com/bitrise-tools/go-xcode/profileutil",
    "github.com/bitrise-tools/go-xcode/utility",
    "github.com/bitrise-tools/go-xcode/xcarchive",
    "github.com/bitrise-tools/go-xcode/xcodebuild",
  ]
  solver-name = "gps-cdcl"
  solver-version = 1
