# This file is autogenerated, do not edit; changes may be undone by the next 'dep ensure'.


[[projects]]
  branch = "master"
  digest = "1:2f4bc4336abe0ac18637b62214659ee0e011741734606a6c23b4e03b76fa57b1"
  name = "github.com/bitrise-io/go-utils"
  packages = [
    "colorstring",
    "command",
    "errorutil",
    "fileutil",
    "log",
    "pathutil",
    "ziputil",
  ]
  pruneopts = ""
  revision = "6cc2aa4d248adef509996ac484bffd38856ddf80"

[[projects]]
  digest = "1:81099da3af82eba33156d1632a765d043c5a56118992ada70f332a68e384f5b8"
  name = "github.com/bitrise-io/go-xcode"
  packages = [
    "certificateutil",
    "export",
    "exportoptions",
    "models",
    "plistutil",
    "profileutil",
    "utility",
    "xcarchive",
    "xcodebuild",
    "xcodeproject/serialized",
  ]
  pruneopts = ""
  revision = "f8ce7d223bf7c53612e9fa0f4322f7465b6d7576"
  version = "v1.0.2"

[[projects]]
  branch = "master"
  digest = "1:c131ba035c57fb0624e2da8254b778289de1ed94abb35898ec58f3d20fbf47ed"
  name = "github.com/bitrise-io/pkcs12"
  packages = [
    ".",
    "internal/rc2",
  ]
  pruneopts = ""
  revision = "e52728e011c8301e40a94463e98aee7eea2200f8"

[[projects]]
  digest = "1:34b1bcf3d5d443238ea4946a928274de2d3ad4c7ae214e51a90a0b9f49f260d6"
  name = "github.com/bitrise-steplib/steps-export-xcarchive-mac"
  packages = ["utils"]
  pruneopts = ""
  revision = "b29039751eba2cc6d609c496ec887e8d1c2dc26a"
  version = "1.1.0"

[[projects]]
  branch = "master"
  digest = "1:cef2ceaeca7caa4fc788727d44a8000c8a8ee827653fc7b52854d969bba131ac"
  name = "github.com/fullsailor/pkcs7"
  packages = ["."]
  pruneopts = ""
  revision = "d7302db945fa6ea264fb79d8e13e931ea514a602"

[[projects]]
  digest = "1:1d7e1867c49a6dd9856598ef7c3123604ea3daabf5b83f303ff457bcbc410b1d"
  name = "github.com/pkg/errors"
  packages = ["."]
  pruneopts = ""
  revision = "ba968bfe8b2f7e042a574c888954fccecfa385b4"
  version = "v0.8.1"

[[projects]]
  digest = "1:4244255905cb95c3c98894d671367f84a6292608ae528936fe46ba9c86f68393"
  name = "github.com/ryanuber/go-glob"
  packages = ["."]
  pruneopts = ""
  revision = "51a8f68e6c24dc43f1e371749c89a267de4ebc53"
  version = "v1.0.0"

[[projects]]
  branch = "master"
  digest = "1:7f9abcd7c5d3eecb044d9a89d202bacbec41ac12ec703a905b04f8d1268dee82"
  name = "howett.net/plist"
  packages = ["."]
  pruneopts = ""
  revision = "1454fab16a0642638feb0ae98c41f79eccb2a20a"

[solve-meta]
  analyzer-name = "dep"
  analyzer-version = 1
  input-imports = [
    "github.com/bitrise-io/go-utils/command",
    "github.com/bitrise-io/go-utils/fileutil",
    "github.com/bitrise-io/go-utils/log",
    "github.com/bitrise-io/go-utils/pathutil",
    "github.com/bitrise-io/go-xcode/certificateutil",
    "github.com/bitrise-io/go-xcode/export",
    "github.com/bitrise-io/go-xcode/exportoptions",
    "github.com/bitrise-io/go-xcode/profileutil",
    "github.com/bitrise-io/go-xcode/utility",
    "github.com/bitrise-io/go-xcode/xcarchive",
    "github.com/bitrise-io/go-xcode/xcodebuild",
    "github.com/bitrise-steplib/steps-export-xcarchive-mac/utils",
  ]
  solver-name = "gps-cdcl"
  solver-version = 1
